<?xml version="1.0" encoding="utf-8"?>
<Project ToolsVersion="4.0" xmlns="http://schemas.microsoft.com/developer/msbuild/2003">
  <ItemGroup>
    <Filter Include="Source Files">
      <UniqueIdentifier>{4FC737F1-C7A5-4376-A066-2A32D752A2FF}</UniqueIdentifier>
      <Extensions>cpp;c;cc;cxx;def;odl;idl;hpj;bat;asm;asmx</Extensions>
    </Filter>
    <Filter Include="Shader">
      <UniqueIdentifier>{e848aaa9-edd2-4b39-842f-13040b042736}</UniqueIdentifier>
    </Filter>
  </ItemGroup>
  <ItemGroup>
    <ClCompile Include="source\main.cpp">
      <Filter>Source Files</Filter>
    </ClCompile>
    <ClCompile Include="source\Fractal.cpp">
      <Filter>Source Files</Filter>
    </ClCompile>
    <ClCompile Include="source\Widget.cpp">
      <Filter>Source Files</Filter>
    </ClCompile>
    <ClCompile Include="source\View.cpp">
      <Filter>Source Files</Filter>
    </ClCompile>
    <ClCompile Include="source\Help.cpp">
      <Filter>Source Files</Filter>
    </ClCompile>
  </ItemGroup>
  <ItemGroup>
    <ClInclude Include="Source\common.h">
      <Filter>Source Files</Filter>
    </ClInclude>
    <ClInclude Include="source\View.h">
      <Filter>Source Files</Filter>
    </ClInclude>
    <ClInclude Include="source\pShader.h">
      <Filter>Shader</Filter>
    </ClInclude>
    <ClInclude Include="source\vShader.h">
      <Filter>Shader</Filter>
    </ClInclude>
    <ClInclude Include="source\Fractal.h">
      <Filter>Source Files</Filter>
    </ClInclude>
    <ClInclude Include="source\Widget.h">
      <Filter>Source Files</Filter>
    </ClInclude>
    <ClInclude Include="source\cShader.h">
      <Filter>Shader</Filter>
    </ClInclude>
    <ClInclude Include="source\Help.h">
      <Filter>Source Files</Filter>
    </ClInclude>
    <ClInclude Include="resource.h" />
  </ItemGroup>
  <ItemGroup>
    <FxCompile Include="source\PixelShader.hlsl">
      <Filter>Shader</Filter>
    </FxCompile>
    <FxCompile Include="source\VertexShader.hlsl">
      <Filter>Shader</Filter>
    </FxCompile>
    <FxCompile Include="source\fractal.hlsl">
      <Filter>Shader</Filter>
    </FxCompile>
  </ItemGroup>
  <ItemGroup>
    <ResourceCompile Include="Resource.rc" />
  </ItemGroup>
</Project>